Microsoft Visual Studio Solution File, Format Version 12.00
# Visual Studio Version 17
VisualStudioVersion = 17.5.2.0
MinimumVisualStudioVersion = 10.0.40219.1
Project("{FAE04EC0-301F-11D3-BF4B-00C04F79EFBC}") = "Mocidade015", "Mocidade015.csproj", "{928FF164-125A-01C2-9954-CB90960BCE08}"
EndProject
Global
	GlobalSection(SolutionConfigurationPlatforms) = preSolution
		Debug|Any CPU = Debug|Any CPU
		Release|Any CPU = Release|Any CPU
	EndGlobalSection
	GlobalSection(ProjectConfigurationPlatforms) = postSolution
		{928FF164-125A-01C2-9954-CB90960BCE08}.Debug|Any CPU.ActiveCfg = Debug|Any CPU
		{928FF164-125A-01C2-9954-CB90960BCE08}.Debug|Any CPU.Build.0 = Debug|Any CPU
		{928FF164-125A-01C2-9954-CB90960BCE08}.Release|Any CPU.ActiveCfg = Release|Any CPU
		{928FF164-125A-01C2-9954-CB90960BCE08}.Release|Any CPU.Build.0 = Release|Any CPU
	EndGlobalSection
	GlobalSection(SolutionProperties) = preSolution
		HideSolutionNode = FALSE
	EndGlobalSection
	GlobalSection(ExtensibilityGlobals) = postSolution
		SolutionGuid = {04894FAF-D579-4654-9CE5-0A91249CB416}
	EndGlobalSection
EndGlobal
